
Microsoft Visual Studio Solution File, Format Version 12.00
# Visual Studio Version 16
VisualStudioVersion = 16.0.30711.63
MinimumVisualStudioVersion = 10.0.40219.1
Project("{9A19103F-16F7-4668-BE54-9A1E7A4F7556}") = "HsPXL", "HsPXL\HsPXL.csproj", "{42D5FAE4-9634-46DC-8AD7-CCB04FB2AA51}"
EndProject
Global
	GlobalSection(SolutionConfigurationPlatforms) = preSolution
		Debug|Any CPU = Debug|Any CPU
		Release|Any CPU = Release|Any CPU
	EndGlobalSection
	GlobalSection(ProjectConfigurationPlatforms) = postSolution
		{42D5FAE4-9634-46DC-8AD7-CCB04FB2AA51}.Debug|Any CPU.ActiveCfg = Debug|Any CPU
		{42D5FAE4-9634-46DC-8AD7-CCB04FB2AA51}.Debug|Any CPU.Build.0 = Debug|Any CPU
		{42D5FAE4-9634-46DC-8AD7-CCB04FB2AA51}.Release|Any CPU.ActiveCfg = Release|Any CPU
		{42D5FAE4-9634-46DC-8AD7-CCB04FB2AA51}.Release|Any CPU.Build.0 = Release|Any CPU
	EndGlobalSection
	GlobalSection(SolutionProperties) = preSolution
		HideSolutionNode = FALSE
	EndGlobalSection
	GlobalSection(ExtensibilityGlobals) = postSolution
		SolutionGuid = {A6A0FB98-A6D1-48B5-AF9A-C6307925C21C}
	EndGlobalSection
EndGlobal
